
Microsoft Visual Studio Solution File, Format Version 12.00
# Visual Studio 2013
VisualStudioVersion = 12.0.31101.0
MinimumVisualStudioVersion = 10.0.40219.1
Project("{FAE04EC0-301F-11D3-BF4B-00C04F79EFBC}") = "04.HelloWorld", "04.HelloWorld\04.HelloWorld.csproj", "{70AE76F0-AD1B-41A0-96F6-47777ABB2BA7}"
EndProject
Project("{FAE04EC0-301F-11D3-BF4B-00C04F79EFBC}") = "05.PrintYourName", "05.PrintYourName\05.PrintYourName.csproj", "{7E482D19-923D-4F86-BB57-9FA702F45B1D}"
EndProject
Project("{FAE04EC0-301F-11D3-BF4B-00C04F79EFBC}") = "06.PrintNumbers", "06.PrintNumbers\06.PrintNumbers.csproj", "{B2F3C4F1-353B-4BCA-ABD9-1E779969E428}"
EndProject
Project("{FAE04EC0-301F-11D3-BF4B-00C04F79EFBC}") = "07.PrintFirstAndLastName", "07.PrintFirstAndLastName\07.PrintFirstAndLastName.csproj", "{622245C1-F6E1-46A2-9164-BD4CF1706CF4}"
EndProject
Project("{FAE04EC0-301F-11D3-BF4B-00C04F79EFBC}") = "08.SquareRoot", "08.SquareRoot\08.SquareRoot.csproj", "{82C71723-8E5F-48B2-AE74-DCA55CCAB89C}"
EndProject
Project("{FAE04EC0-301F-11D3-BF4B-00C04F79EFBC}") = "09.PrintSequence", "09.PrintSequence\09.PrintSequence.csproj", "{06B62710-5B2E-4020-ADF2-05252EFCA07D}"
EndProject
Project("{FAE04EC0-301F-11D3-BF4B-00C04F79EFBC}") = "10.ReformatCSharpCode", "10.ReformatCSharpCode\10.ReformatCSharpCode.csproj", "{7377DFD9-CEDB-482C-B39D-B3D06E79655F}"
EndProject
Project("{FAE04EC0-301F-11D3-BF4B-00C04F79EFBC}") = "14.CurrentDateTime", "14.CurrentDateTime\14.CurrentDateTime.csproj", "{17897660-5E9F-4E61-8915-658D0B524768}"
EndProject
Project("{FAE04EC0-301F-11D3-BF4B-00C04F79EFBC}") = "15.AgeAfterTenYears", "15.AgeAfterTenYears\15.AgeAfterTenYears.csproj", "{E1616DF3-0F15-4F66-B207-6E65EA6FF516}"
EndProject
Project("{FAE04EC0-301F-11D3-BF4B-00C04F79EFBC}") = "16.PrintLongSequence", "16.PrintLongSequence\16.PrintLongSequence.csproj", "{543935D0-0685-4B20-BF03-BC3E301E28BC}"
EndProject
Global
	GlobalSection(SolutionConfigurationPlatforms) = preSolution
		Debug|Any CPU = Debug|Any CPU
		Release|Any CPU = Release|Any CPU
	EndGlobalSection
	GlobalSection(ProjectConfigurationPlatforms) = postSolution
		{70AE76F0-AD1B-41A0-96F6-47777ABB2BA7}.Debug|Any CPU.ActiveCfg = Debug|Any CPU
		{70AE76F0-AD1B-41A0-96F6-47777ABB2BA7}.Debug|Any CPU.Build.0 = Debug|Any CPU
		{70AE76F0-AD1B-41A0-96F6-47777ABB2BA7}.Release|Any CPU.ActiveCfg = Release|Any CPU
		{70AE76F0-AD1B-41A0-96F6-47777ABB2BA7}.Release|Any CPU.Build.0 = Release|Any CPU
		{7E482D19-923D-4F86-BB57-9FA702F45B1D}.Debug|Any CPU.ActiveCfg = Debug|Any CPU
		{7E482D19-923D-4F86-BB57-9FA702F45B1D}.Debug|Any CPU.Build.0 = Debug|Any CPU
		{7E482D19-923D-4F86-BB57-9FA702F45B1D}.Release|Any CPU.ActiveCfg = Release|Any CPU
		{7E482D19-923D-4F86-BB57-9FA702F45B1D}.Release|Any CPU.Build.0 = Release|Any CPU
		{B2F3C4F1-353B-4BCA-ABD9-1E779969E428}.Debug|Any CPU.ActiveCfg = Debug|Any CPU
		{B2F3C4F1-353B-4BCA-ABD9-1E779969E428}.Debug|Any CPU.Build.0 = Debug|Any CPU
		{B2F3C4F1-353B-4BCA-ABD9-1E779969E428}.Release|Any CPU.ActiveCfg = Release|Any CPU
		{B2F3C4F1-353B-4BCA-ABD9-1E779969E428}.Release|Any CPU.Build.0 = Release|Any CPU
		{622245C1-F6E1-46A2-9164-BD4CF1706CF4}.Debug|Any CPU.ActiveCfg = Debug|Any CPU
		{622245C1-F6E1-46A2-9164-BD4CF1706CF4}.Debug|Any CPU.Build.0 = Debug|Any CPU
		{622245C1-F6E1-46A2-9164-BD4CF1706CF4}.Release|Any CPU.ActiveCfg = Release|Any CPU
		{622245C1-F6E1-46A2-9164-BD4CF1706CF4}.Release|Any CPU.Build.0 = Release|Any CPU
		{82C71723-8E5F-48B2-AE74-DCA55CCAB89C}.Debug|Any CPU.ActiveCfg = Debug|Any CPU
		{82C71723-8E5F-48B2-AE74-DCA55CCAB89C}.Debug|Any CPU.Build.0 = Debug|Any CPU
		{82C71723-8E5F-48B2-AE74-DCA55CCAB89C}.Release|Any CPU.ActiveCfg = Release|Any CPU
		{82C71723-8E5F-48B2-AE74-DCA55CCAB89C}.Release|Any CPU.Build.0 = Release|Any CPU
		{06B62710-5B2E-4020-ADF2-05252EFCA07D}.Debug|Any CPU.ActiveCfg = Debug|Any CPU
		{06B62710-5B2E-4020-ADF2-05252EFCA07D}.Debug|Any CPU.Build.0 = Debug|Any CPU
		{06B62710-5B2E-4020-ADF2-05252EFCA07D}.Release|Any CPU.ActiveCfg = Release|Any CPU
		{06B62710-5B2E-4020-ADF2-05252EFCA07D}.Release|Any CPU.Build.0 = Release|Any CPU
		{7377DFD9-CEDB-482C-B39D-B3D06E79655F}.Debug|Any CPU.ActiveCfg = Debug|Any CPU
		{7377DFD9-CEDB-482C-B39D-B3D06E79655F}.Debug|Any CPU.Build.0 = Debug|Any CPU
		{7377DFD9-CEDB-482C-B39D-B3D06E79655F}.Release|Any CPU.ActiveCfg = Release|Any CPU
		{7377DFD9-CEDB-482C-B39D-B3D06E79655F}.Release|Any CPU.Build.0 = Release|Any CPU
		{17897660-5E9F-4E61-8915-658D0B524768}.Debug|Any CPU.ActiveCfg = Debug|Any CPU
		{17897660-5E9F-4E61-8915-658D0B524768}.Debug|Any CPU.Build.0 = Debug|Any CPU
		{17897660-5E9F-4E61-8915-658D0B524768}.Release|Any CPU.ActiveCfg = Release|Any CPU
		{17897660-5E9F-4E61-8915-658D0B524768}.Release|Any CPU.Build.0 = Release|Any CPU
		{E1616DF3-0F15-4F66-B207-6E65EA6FF516}.Debug|Any CPU.ActiveCfg = Debug|Any CPU
		{E1616DF3-0F15-4F66-B207-6E65EA6FF516}.Debug|Any CPU.Build.0 = Debug|Any CPU
		{E1616DF3-0F15-4F66-B207-6E65EA6FF516}.Release|Any CPU.ActiveCfg = Release|Any CPU
		{E1616DF3-0F15-4F66-B207-6E65EA6FF516}.Release|Any CPU.Build.0 = Release|Any CPU
		{543935D0-0685-4B20-BF03-BC3E301E28BC}.Debug|Any CPU.ActiveCfg = Debug|Any CPU
		{543935D0-0685-4B20-BF03-BC3E301E28BC}.Debug|Any CPU.Build.0 = Debug|Any CPU
		{543935D0-0685-4B20-BF03-BC3E301E28BC}.Release|Any CPU.ActiveCfg = Release|Any CPU
		{543935D0-0685-4B20-BF03-BC3E301E28BC}.Release|Any CPU.Build.0 = Release|Any CPU
	EndGlobalSection
	GlobalSection(SolutionProperties) = preSolution
		HideSolutionNode = FALSE
	EndGlobalSection
EndGlobal
